// !$*UTF8*$!
{
	archiveVersion = 1;
	classes = {
	};
	objectVersion = 50;
	objects = {

/* Begin PBXBuildFile section */
		6EEB5FEE4F619CE7A8666055 /* libPods-QQ.a in Frameworks */ = {isa = PBXBuildFile; fileRef = EE304E3CD10D65F9A9512DAD /* libPods-QQ.a */; };
		87028FAC24C9697F00EA5BF9 /* WDHNavigationBarView.m in Sources */ = {isa = PBXBuildFile; fileRef = 87028FAB24C9697F00EA5BF9 /* WDHNavigationBarView.m */; };
		87028FAF24C9845C00EA5BF9 /* WDHAddContactsVIew.m in Sources */ = {isa = PBXBuildFile; fileRef = 87028FAE24C9845C00EA5BF9 /* WDHAddContactsVIew.m */; };
		87028FB324C9A29100EA5BF9 /* WDHChatTableViewCell.m in Sources */ = {isa = PBXBuildFile; fileRef = 87028FB224C9A29100EA5BF9 /* WDHChatTableViewCell.m */; };
		87028FB624CAAD1600EA5BF9 /* WDHTableHeaderView.m in Sources */ = {isa = PBXBuildFile; fileRef = 87028FB524CAAD1600EA5BF9 /* WDHTableHeaderView.m */; };
		87028FB924CAB1C400EA5BF9 /* WDHMyselfTextField.m in Sources */ = {isa = PBXBuildFile; fileRef = 87028FB824CAB1C400EA5BF9 /* WDHMyselfTextField.m */; };
		87028FBC24CAC38B00EA5BF9 /* WDHChatroomVC.m in Sources */ = {isa = PBXBuildFile; fileRef = 87028FBB24CAC38B00EA5BF9 /* WDHChatroomVC.m */; };
		87028FC024CAC5F200EA5BF9 /* WDHMyNavigationBar.m in Sources */ = {isa = PBXBuildFile; fileRef = 87028FBF24CAC5F200EA5BF9 /* WDHMyNavigationBar.m */; };
		87441AC524C95A5F00A595CA /* AppDelegate.m in Sources */ = {isa = PBXBuildFile; fileRef = 87441AC424C95A5F00A595CA /* AppDelegate.m */; };
		87441AC824C95A5F00A595CA /* SceneDelegate.m in Sources */ = {isa = PBXBuildFile; fileRef = 87441AC724C95A5F00A595CA /* SceneDelegate.m */; };
		87441ACE24C95A5F00A595CA /* Main.storyboard in Resources */ = {isa = PBXBuildFile; fileRef = 87441ACC24C95A5F00A595CA /* Main.storyboard */; };
		87441AD024C95A6200A595CA /* Assets.xcassets in Resources */ = {isa = PBXBuildFile; fileRef = 87441ACF24C95A6200A595CA /* Assets.xcassets */; };
		87441AD324C95A6200A595CA /* LaunchScreen.storyboard in Resources */ = {isa = PBXBuildFile; fileRef = 87441AD124C95A6200A595CA /* LaunchScreen.storyboard */; };
		87441AD624C95A6200A595CA /* main.m in Sources */ = {isa = PBXBuildFile; fileRef = 87441AD524C95A6200A595CA /* main.m */; };
		87441AE024C95A6200A595CA /* QQTests.m in Sources */ = {isa = PBXBuildFile; fileRef = 87441ADF24C95A6200A595CA /* QQTests.m */; };
		87441AEB24C95A6300A595CA /* QQUITests.m in Sources */ = {isa = PBXBuildFile; fileRef = 87441AEA24C95A6300A595CA /* QQUITests.m */; };
		87441AFA24C9636900A595CA /* WDHNewsVC.m in Sources */ = {isa = PBXBuildFile; fileRef = 87441AF924C9636900A595CA /* WDHNewsVC.m */; };
		8772F42B24D7B9A700A353C1 /* WDHSegmentView.m in Sources */ = {isa = PBXBuildFile; fileRef = 8772F42A24D7B9A700A353C1 /* WDHSegmentView.m */; };
		8772F42E24D7ED0B00A353C1 /* WDHGroupChatTableVC.m in Sources */ = {isa = PBXBuildFile; fileRef = 8772F42D24D7ED0B00A353C1 /* WDHGroupChatTableVC.m */; };
		8772F43124D7EF2C00A353C1 /* WDHDeviceTableVC.m in Sources */ = {isa = PBXBuildFile; fileRef = 8772F43024D7EF2C00A353C1 /* WDHDeviceTableVC.m */; };
		8772F43424D7F27900A353C1 /* WDHAddressBookTableVC.m in Sources */ = {isa = PBXBuildFile; fileRef = 8772F43324D7F27900A353C1 /* WDHAddressBookTableVC.m */; };
		8772F43724D7F67D00A353C1 /* WDHSubscriptionNumberTableVC.m in Sources */ = {isa = PBXBuildFile; fileRef = 8772F43624D7F67D00A353C1 /* WDHSubscriptionNumberTableVC.m */; };
		8772F43C24D803AB00A353C1 /* WDHDynamicVC.m in Sources */ = {isa = PBXBuildFile; fileRef = 8772F43B24D803AB00A353C1 /* WDHDynamicVC.m */; };
		8772F43F24D81B1900A353C1 /* WDHDynamicCollectionViewCell.m in Sources */ = {isa = PBXBuildFile; fileRef = 8772F43E24D81B1900A353C1 /* WDHDynamicCollectionViewCell.m */; };
		8772F44624D90AE000A353C1 /* UIImage+WDHGetMyselfImage_h.m in Sources */ = {isa = PBXBuildFile; fileRef = 8772F44524D90AE000A353C1 /* UIImage+WDHGetMyselfImage_h.m */; };
		8772F44924D9383300A353C1 /* WDHInputTextView.m in Sources */ = {isa = PBXBuildFile; fileRef = 8772F44824D9383300A353C1 /* WDHInputTextView.m */; };
		8772F44C24DAC57300A353C1 /* WDHLeftSildeMenuVC.m in Sources */ = {isa = PBXBuildFile; fileRef = 8772F44B24DAC57300A353C1 /* WDHLeftSildeMenuVC.m */; };
		8772F44F24DAC64500A353C1 /* WDHMenuVC.m in Sources */ = {isa = PBXBuildFile; fileRef = 8772F44E24DAC64500A353C1 /* WDHMenuVC.m */; };
		87C431CA24D2B91700B16FD1 /* WDHInputView.m in Sources */ = {isa = PBXBuildFile; fileRef = 87C431C924D2B91700B16FD1 /* WDHInputView.m */; };
		87C431CE24D2CB6700B16FD1 /* WDHContactVC.m in Sources */ = {isa = PBXBuildFile; fileRef = 87C431CD24D2CB6700B16FD1 /* WDHContactVC.m */; };
		87C431DA24D4032A00B16FD1 /* WDHPartnerTableVC.m in Sources */ = {isa = PBXBuildFile; fileRef = 87C431D924D4032A00B16FD1 /* WDHPartnerTableVC.m */; };
		87C431DD24D423C200B16FD1 /* WDHGroupingTableVC.m in Sources */ = {isa = PBXBuildFile; fileRef = 87C431DC24D423C200B16FD1 /* WDHGroupingTableVC.m */; };
		87C431E124D4276A00B16FD1 /* WDHExpendCell.m in Sources */ = {isa = PBXBuildFile; fileRef = 87C431E024D4276A00B16FD1 /* WDHExpendCell.m */; };
/* End PBXBuildFile section */

/* Begin PBXContainerItemProxy section */
		87441ADC24C95A6200A595CA /* PBXContainerItemProxy */ = {
			isa = PBXContainerItemProxy;
			containerPortal = 87441AB824C95A5F00A595CA /* Project object */;
			proxyType = 1;
			remoteGlobalIDString = 87441ABF24C95A5F00A595CA;
			remoteInfo = QQ;
		};
		87441AE724C95A6300A595CA /* PBXContainerItemProxy */ = {
			isa = PBXContainerItemProxy;
			containerPortal = 87441AB824C95A5F00A595CA /* Project object */;
			proxyType = 1;
			remoteGlobalIDString = 87441ABF24C95A5F00A595CA;
			remoteInfo = QQ;
		};
/* End PBXContainerItemProxy section */

/* Begin PBXFileReference section */
		87028FAA24C9697F00EA5BF9 /* WDHNavigationBarView.h */ = {isa = PBXFileReference; lastKnownFileType = sourcecode.c.h; path = WDHNavigationBarView.h; sourceTree = "<group>"; };
		87028FAB24C9697F00EA5BF9 /* WDHNavigationBarView.m */ = {isa = PBXFileReference; lastKnownFileType = sourcecode.c.objc; path = WDHNavigationBarView.m; sourceTree = "<group>"; };
		87028FAD24C9845C00EA5BF9 /* WDHAddContactsVIew.h */ = {isa = PBXFileReference; lastKnownFileType = sourcecode.c.h; path = WDHAddContactsVIew.h; sourceTree = "<group>"; };
		87028FAE24C9845C00EA5BF9 /* WDHAddContactsVIew.m */ = {isa = PBXFileReference; lastKnownFileType = sourcecode.c.objc; path = WDHAddContactsVIew.m; sourceTree = "<group>"; };
		87028FB124C9A29100EA5BF9 /* WDHChatTableViewCell.h */ = {isa = PBXFileReference; lastKnownFileType = sourcecode.c.h; path = WDHChatTableViewCell.h; sourceTree = "<group>"; };
		87028FB224C9A29100EA5BF9 /* WDHChatTableViewCell.m */ = {isa = PBXFileReference; lastKnownFileType = sourcecode.c.objc; path = WDHChatTableViewCell.m; sourceTree = "<group>"; };
		87028FB424CAAD1600EA5BF9 /* WDHTableHeaderView.h */ = {isa = PBXFileReference; lastKnownFileType = sourcecode.c.h; path = WDHTableHeaderView.h; sourceTree = "<group>"; };
		87028FB524CAAD1600EA5BF9 /* WDHTableHeaderView.m */ = {isa = PBXFileReference; lastKnownFileType = sourcecode.c.objc; path = WDHTableHeaderView.m; sourceTree = "<group>"; };
		87028FB724CAB1C400EA5BF9 /* WDHMyselfTextField.h */ = {isa = PBXFileReference; lastKnownFileType = sourcecode.c.h; path = WDHMyselfTextField.h; sourceTree = "<group>"; };
		87028FB824CAB1C400EA5BF9 /* WDHMyselfTextField.m */ = {isa = PBXFileReference; lastKnownFileType = sourcecode.c.objc; path = WDHMyselfTextField.m; sourceTree = "<group>"; };
		87028FBA24CAC38B00EA5BF9 /* WDHChatroomVC.h */ = {isa = PBXFileReference; lastKnownFileType = sourcecode.c.h; path = WDHChatroomVC.h; sourceTree = "<group>"; };
		87028FBB24CAC38B00EA5BF9 /* WDHChatroomVC.m */ = {isa = PBXFileReference; lastKnownFileType = sourcecode.c.objc; path = WDHChatroomVC.m; sourceTree = "<group>"; };
		87028FBE24CAC5F200EA5BF9 /* WDHMyNavigationBar.h */ = {isa = PBXFileReference; lastKnownFileType = sourcecode.c.h; path = WDHMyNavigationBar.h; sourceTree = "<group>"; };
		87028FBF24CAC5F200EA5BF9 /* WDHMyNavigationBar.m */ = {isa = PBXFileReference; lastKnownFileType = sourcecode.c.objc; path = WDHMyNavigationBar.m; sourceTree = "<group>"; };
		87441AC024C95A5F00A595CA /* QQ.app */ = {isa = PBXFileReference; explicitFileType = wrapper.application; includeInIndex = 0; path = QQ.app; sourceTree = BUILT_PRODUCTS_DIR; };
		87441AC324C95A5F00A595CA /* AppDelegate.h */ = {isa = PBXFileReference; lastKnownFileType = sourcecode.c.h; path = AppDelegate.h; sourceTree = "<group>"; };
		87441AC424C95A5F00A595CA /* AppDelegate.m */ = {isa = PBXFileReference; lastKnownFileType = sourcecode.c.objc; path = AppDelegate.m; sourceTree = "<group>"; };
		87441AC624C95A5F00A595CA /* SceneDelegate.h */ = {isa = PBXFileReference; lastKnownFileType = sourcecode.c.h; path = SceneDelegate.h; sourceTree = "<group>"; };
		87441AC724C95A5F00A595CA /* SceneDelegate.m */ = {isa = PBXFileReference; lastKnownFileType = sourcecode.c.objc; path = SceneDelegate.m; sourceTree = "<group>"; };
		87441ACD24C95A5F00A595CA /* Base */ = {isa = PBXFileReference; lastKnownFileType = file.storyboard; name = Base; path = Base.lproj/Main.storyboard; sourceTree = "<group>"; };
		87441ACF24C95A6200A595CA /* Assets.xcassets */ = {isa = PBXFileReference; lastKnownFileType = folder.assetcatalog; path = Assets.xcassets; sourceTree = "<group>"; };
		87441AD224C95A6200A595CA /* Base */ = {isa = PBXFileReference; lastKnownFileType = file.storyboard; name = Base; path = Base.lproj/LaunchScreen.storyboard; sourceTree = "<group>"; };
		87441AD424C95A6200A595CA /* Info.plist */ = {isa = PBXFileReference; lastKnownFileType = text.plist.xml; path = Info.plist; sourceTree = "<group>"; };
		87441AD524C95A6200A595CA /* main.m */ = {isa = PBXFileReference; lastKnownFileType = sourcecode.c.objc; path = main.m; sourceTree = "<group>"; };
		87441ADB24C95A6200A595CA /* QQTests.xctest */ = {isa = PBXFileReference; explicitFileType = wrapper.cfbundle; includeInIndex = 0; path = QQTests.xctest; sourceTree = BUILT_PRODUCTS_DIR; };
		87441ADF24C95A6200A595CA /* QQTests.m */ = {isa = PBXFileReference; lastKnownFileType = sourcecode.c.objc; path = QQTests.m; sourceTree = "<group>"; };
		87441AE124C95A6200A595CA /* Info.plist */ = {isa = PBXFileReference; lastKnownFileType = text.plist.xml; path = Info.plist; sourceTree = "<group>"; };
		87441AE624C95A6300A595CA /* QQUITests.xctest */ = {isa = PBXFileReference; explicitFileType = wrapper.cfbundle; includeInIndex = 0; path = QQUITests.xctest; sourceTree = BUILT_PRODUCTS_DIR; };
		87441AEA24C95A6300A595CA /* QQUITests.m */ = {isa = PBXFileReference; lastKnownFileType = sourcecode.c.objc; path = QQUITests.m; sourceTree = "<group>"; };
		87441AEC24C95A6300A595CA /* Info.plist */ = {isa = PBXFileReference; lastKnownFileType = text.plist.xml; path = Info.plist; sourceTree = "<group>"; };
		87441AF824C9636900A595CA /* WDHNewsVC.h */ = {isa = PBXFileReference; lastKnownFileType = sourcecode.c.h; path = WDHNewsVC.h; sourceTree = "<group>"; };
		87441AF924C9636900A595CA /* WDHNewsVC.m */ = {isa = PBXFileReference; lastKnownFileType = sourcecode.c.objc; path = WDHNewsVC.m; sourceTree = "<group>"; };
		8772F42924D7B9A700A353C1 /* WDHSegmentView.h */ = {isa = PBXFileReference; lastKnownFileType = sourcecode.c.h; path = WDHSegmentView.h; sourceTree = "<group>"; };
		8772F42A24D7B9A700A353C1 /* WDHSegmentView.m */ = {isa = PBXFileReference; lastKnownFileType = sourcecode.c.objc; path = WDHSegmentView.m; sourceTree = "<group>"; };
		8772F42C24D7ED0B00A353C1 /* WDHGroupChatTableVC.h */ = {isa = PBXFileReference; lastKnownFileType = sourcecode.c.h; path = WDHGroupChatTableVC.h; sourceTree = "<group>"; };
		8772F42D24D7ED0B00A353C1 /* WDHGroupChatTableVC.m */ = {isa = PBXFileReference; lastKnownFileType = sourcecode.c.objc; path = WDHGroupChatTableVC.m; sourceTree = "<group>"; };
		8772F42F24D7EF2C00A353C1 /* WDHDeviceTableVC.h */ = {isa = PBXFileReference; lastKnownFileType = sourcecode.c.h; path = WDHDeviceTableVC.h; sourceTree = "<group>"; };
		8772F43024D7EF2C00A353C1 /* WDHDeviceTableVC.m */ = {isa = PBXFileReference; lastKnownFileType = sourcecode.c.objc; path = WDHDeviceTableVC.m; sourceTree = "<group>"; };
		8772F43224D7F27900A353C1 /* WDHAddressBookTableVC.h */ = {isa = PBXFileReference; lastKnownFileType = sourcecode.c.h; path = WDHAddressBookTableVC.h; sourceTree = "<group>"; };
		8772F43324D7F27900A353C1 /* WDHAddressBookTableVC.m */ = {isa = PBXFileReference; lastKnownFileType = sourcecode.c.objc; path = WDHAddressBookTableVC.m; sourceTree = "<group>"; };
		8772F43524D7F67D00A353C1 /* WDHSubscriptionNumberTableVC.h */ = {isa = PBXFileReference; lastKnownFileType = sourcecode.c.h; path = WDHSubscriptionNumberTableVC.h; sourceTree = "<group>"; };
		8772F43624D7F67D00A353C1 /* WDHSubscriptionNumberTableVC.m */ = {isa = PBXFileReference; lastKnownFileType = sourcecode.c.objc; path = WDHSubscriptionNumberTableVC.m; sourceTree = "<group>"; };
		8772F43A24D803AB00A353C1 /* WDHDynamicVC.h */ = {isa = PBXFileReference; lastKnownFileType = sourcecode.c.h; path = WDHDynamicVC.h; sourceTree = "<group>"; };
		8772F43B24D803AB00A353C1 /* WDHDynamicVC.m */ = {isa = PBXFileReference; lastKnownFileType = sourcecode.c.objc; path = WDHDynamicVC.m; sourceTree = "<group>"; };
		8772F43D24D81B1900A353C1 /* WDHDynamicCollectionViewCell.h */ = {isa = PBXFileReference; lastKnownFileType = sourcecode.c.h; path = WDHDynamicCollectionViewCell.h; sourceTree = "<group>"; };
		8772F43E24D81B1900A353C1 /* WDHDynamicCollectionViewCell.m */ = {isa = PBXFileReference; lastKnownFileType = sourcecode.c.objc; path = WDHDynamicCollectionViewCell.m; sourceTree = "<group>"; };
		8772F44424D90AE000A353C1 /* UIImage+WDHGetMyselfImage_h.h */ = {isa = PBXFileReference; lastKnownFileType = sourcecode.c.h; path = "UIImage+WDHGetMyselfImage_h.h"; sourceTree = "<group>"; };
		8772F44524D90AE000A353C1 /* UIImage+WDHGetMyselfImage_h.m */ = {isa = PBXFileReference; lastKnownFileType = sourcecode.c.objc; path = "UIImage+WDHGetMyselfImage_h.m"; sourceTree = "<group>"; };
		8772F44724D9383300A353C1 /* WDHInputTextView.h */ = {isa = PBXFileReference; lastKnownFileType = sourcecode.c.h; path = WDHInputTextView.h; sourceTree = "<group>"; };
		8772F44824D9383300A353C1 /* WDHInputTextView.m */ = {isa = PBXFileReference; lastKnownFileType = sourcecode.c.objc; path = WDHInputTextView.m; sourceTree = "<group>"; };
		8772F44A24DAC57300A353C1 /* WDHLeftSildeMenuVC.h */ = {isa = PBXFileReference; lastKnownFileType = sourcecode.c.h; path = WDHLeftSildeMenuVC.h; sourceTree = "<group>"; };
		8772F44B24DAC57300A353C1 /* WDHLeftSildeMenuVC.m */ = {isa = PBXFileReference; lastKnownFileType = sourcecode.c.objc; path = WDHLeftSildeMenuVC.m; sourceTree = "<group>"; };
		8772F44D24DAC64500A353C1 /* WDHMenuVC.h */ = {isa = PBXFileReference; lastKnownFileType = sourcecode.c.h; path = WDHMenuVC.h; sourceTree = "<group>"; };
		8772F44E24DAC64500A353C1 /* WDHMenuVC.m */ = {isa = PBXFileReference; lastKnownFileType = sourcecode.c.objc; path = WDHMenuVC.m; sourceTree = "<group>"; };
		87C431C824D2B91700B16FD1 /* WDHInputView.h */ = {isa = PBXFileReference; lastKnownFileType = sourcecode.c.h; path = WDHInputView.h; sourceTree = "<group>"; };
		87C431C924D2B91700B16FD1 /* WDHInputView.m */ = {isa = PBXFileReference; lastKnownFileType = sourcecode.c.objc; path = WDHInputView.m; sourceTree = "<group>"; };
		87C431CC24D2CB6700B16FD1 /* WDHContactVC.h */ = {isa = PBXFileReference; lastKnownFileType = sourcecode.c.h; path = WDHContactVC.h; sourceTree = "<group>"; };
		87C431CD24D2CB6700B16FD1 /* WDHContactVC.m */ = {isa = PBXFileReference; lastKnownFileType = sourcecode.c.objc; path = WDHContactVC.m; sourceTree = "<group>"; };
		87C431D824D4032A00B16FD1 /* WDHPartnerTableVC.h */ = {isa = PBXFileReference; lastKnownFileType = sourcecode.c.h; path = WDHPartnerTableVC.h; sourceTree = "<group>"; };
		87C431D924D4032A00B16FD1 /* WDHPartnerTableVC.m */ = {isa = PBXFileReference; lastKnownFileType = sourcecode.c.objc; path = WDHPartnerTableVC.m; sourceTree = "<group>"; };
		87C431DB24D423C200B16FD1 /* WDHGroupingTableVC.h */ = {isa = PBXFileReference; lastKnownFileType = sourcecode.c.h; path = WDHGroupingTableVC.h; sourceTree = "<group>"; };
		87C431DC24D423C200B16FD1 /* WDHGroupingTableVC.m */ = {isa = PBXFileReference; lastKnownFileType = sourcecode.c.objc; path = WDHGroupingTableVC.m; sourceTree = "<group>"; };
		87C431DF24D4276A00B16FD1 /* WDHExpendCell.h */ = {isa = PBXFileReference; lastKnownFileType = sourcecode.c.h; path = WDHExpendCell.h; sourceTree = "<group>"; };
		87C431E024D4276A00B16FD1 /* WDHExpendCell.m */ = {isa = PBXFileReference; lastKnownFileType = sourcecode.c.objc; path = WDHExpendCell.m; sourceTree = "<group>"; };
		BB8CFE7706316769AFA2A9D5 /* Pods-QQ.debug.xcconfig */ = {isa = PBXFileReference; includeInIndex = 1; lastKnownFileType = text.xcconfig; name = "Pods-QQ.debug.xcconfig"; path = "Target Support Files/Pods-QQ/Pods-QQ.debug.xcconfig"; sourceTree = "<group>"; };
		EE304E3CD10D65F9A9512DAD /* libPods-QQ.a */ = {isa = PBXFileReference; explicitFileType = archive.ar; includeInIndex = 0; path = "libPods-QQ.a"; sourceTree = BUILT_PRODUCTS_DIR; };
		F60A7FF25938C9CE765D8690 /* Pods-QQ.release.xcconfig */ = {isa = PBXFileReference; includeInIndex = 1; lastKnownFileType = text.xcconfig; name = "Pods-QQ.release.xcconfig"; path = "Target Support Files/Pods-QQ/Pods-QQ.release.xcconfig"; sourceTree = "<group>"; };
/* End PBXFileReference section */

/* Begin PBXFrameworksBuildPhase section */
		87441ABD24C95A5F00A595CA /* Frameworks */ = {
			isa = PBXFrameworksBuildPhase;
			buildActionMask = 2147483647;
			files = (
				6EEB5FEE4F619CE7A8666055 /* libPods-QQ.a in Frameworks */,
			);
			runOnlyForDeploymentPostprocessing = 0;
		};
		87441AD824C95A6200A595CA /* Frameworks */ = {
			isa = PBXFrameworksBuildPhase;
			buildActionMask = 2147483647;
			files = (
			);
			runOnlyForDeploymentPostprocessing = 0;
		};
		87441AE324C95A6300A595CA /* Frameworks */ = {
			isa = PBXFrameworksBuildPhase;
			buildActionMask = 2147483647;
			files = (
			);
			runOnlyForDeploymentPostprocessing = 0;
		};
/* End PBXFrameworksBuildPhase section */

/* Begin PBXGroup section */
		216E01B3522844CCB4F34E61 /* Pods */ = {
			isa = PBXGroup;
			children = (
				BB8CFE7706316769AFA2A9D5 /* Pods-QQ.debug.xcconfig */,
				F60A7FF25938C9CE765D8690 /* Pods-QQ.release.xcconfig */,
			);
			path = Pods;
			sourceTree = "<group>";
		};
		87028FB024C9A23100EA5BF9 /* News */ = {
			isa = PBXGroup;
			children = (
				87028FBD24CAC39200EA5BF9 /* ChatRoom */,
				87441AF824C9636900A595CA /* WDHNewsVC.h */,
				87441AF924C9636900A595CA /* WDHNewsVC.m */,
				87028FAD24C9845C00EA5BF9 /* WDHAddContactsVIew.h */,
				87028FAE24C9845C00EA5BF9 /* WDHAddContactsVIew.m */,
				87028FB124C9A29100EA5BF9 /* WDHChatTableViewCell.h */,
				87028FB224C9A29100EA5BF9 /* WDHChatTableViewCell.m */,
				87028FB724CAB1C400EA5BF9 /* WDHMyselfTextField.h */,
				87028FB824CAB1C400EA5BF9 /* WDHMyselfTextField.m */,
			);
			name = News;
			sourceTree = "<group>";
		};
		87028FBD24CAC39200EA5BF9 /* ChatRoom */ = {
			isa = PBXGroup;
			children = (
				87028FBA24CAC38B00EA5BF9 /* WDHChatroomVC.h */,
				87028FBB24CAC38B00EA5BF9 /* WDHChatroomVC.m */,
				87028FBE24CAC5F200EA5BF9 /* WDHMyNavigationBar.h */,
				87028FBF24CAC5F200EA5BF9 /* WDHMyNavigationBar.m */,
				87C431C824D2B91700B16FD1 /* WDHInputView.h */,
				87C431C924D2B91700B16FD1 /* WDHInputView.m */,
			);
			name = ChatRoom;
			sourceTree = "<group>";
		};
		87441AB724C95A5F00A595CA = {
			isa = PBXGroup;
			children = (
				87441AC224C95A5F00A595CA /* QQ */,
				87441ADE24C95A6200A595CA /* QQTests */,
				87441AE924C95A6300A595CA /* QQUITests */,
				87441AC124C95A5F00A595CA /* Products */,
				216E01B3522844CCB4F34E61 /* Pods */,
				93E3488C2D4E5F3B42F7590D /* Frameworks */,
			);
			sourceTree = "<group>";
		};
		87441AC124C95A5F00A595CA /* Products */ = {
			isa = PBXGroup;
			children = (
				87441AC024C95A5F00A595CA /* QQ.app */,
				87441ADB24C95A6200A595CA /* QQTests.xctest */,
				87441AE624C95A6300A595CA /* QQUITests.xctest */,
			);
			name = Products;
			sourceTree = "<group>";
		};
		87441AC224C95A5F00A595CA /* QQ */ = {
			isa = PBXGroup;
			children = (
				8772F44024D8221300A353C1 /* PublicSection */,
				87C431CB24D2CAFD00B16FD1 /* Contact */,
				87028FB024C9A23100EA5BF9 /* News */,
				8772F43924D8037900A353C1 /* Dynamic */,
				87441AC324C95A5F00A595CA /* AppDelegate.h */,
				87441AC424C95A5F00A595CA /* AppDelegate.m */,
				87441AC624C95A5F00A595CA /* SceneDelegate.h */,
				87441AC724C95A5F00A595CA /* SceneDelegate.m */,
				87441ACC24C95A5F00A595CA /* Main.storyboard */,
				87441ACF24C95A6200A595CA /* Assets.xcassets */,
				87441AD124C95A6200A595CA /* LaunchScreen.storyboard */,
				87441AD424C95A6200A595CA /* Info.plist */,
				87441AD524C95A6200A595CA /* main.m */,
			);
			path = QQ;
			sourceTree = "<group>";
		};
		87441ADE24C95A6200A595CA /* QQTests */ = {
			isa = PBXGroup;
			children = (
				87441ADF24C95A6200A595CA /* QQTests.m */,
				87441AE124C95A6200A595CA /* Info.plist */,
			);
			path = QQTests;
			sourceTree = "<group>";
		};
		87441AE924C95A6300A595CA /* QQUITests */ = {
			isa = PBXGroup;
			children = (
				87441AEA24C95A6300A595CA /* QQUITests.m */,
				87441AEC24C95A6300A595CA /* Info.plist */,
			);
			path = QQUITests;
			sourceTree = "<group>";
		};
		8772F43924D8037900A353C1 /* Dynamic */ = {
			isa = PBXGroup;
			children = (
				8772F43A24D803AB00A353C1 /* WDHDynamicVC.h */,
				8772F43B24D803AB00A353C1 /* WDHDynamicVC.m */,
				8772F43D24D81B1900A353C1 /* WDHDynamicCollectionViewCell.h */,
				8772F43E24D81B1900A353C1 /* WDHDynamicCollectionViewCell.m */,
			);
			name = Dynamic;
			sourceTree = "<group>";
		};
		8772F44024D8221300A353C1 /* PublicSection */ = {
			isa = PBXGroup;
			children = (
				87028FAA24C9697F00EA5BF9 /* WDHNavigationBarView.h */,
				87028FAB24C9697F00EA5BF9 /* WDHNavigationBarView.m */,
				87028FB424CAAD1600EA5BF9 /* WDHTableHeaderView.h */,
				87028FB524CAAD1600EA5BF9 /* WDHTableHeaderView.m */,
				8772F44424D90AE000A353C1 /* UIImage+WDHGetMyselfImage_h.h */,
				8772F44524D90AE000A353C1 /* UIImage+WDHGetMyselfImage_h.m */,
				8772F44724D9383300A353C1 /* WDHInputTextView.h */,
				8772F44824D9383300A353C1 /* WDHInputTextView.m */,
				8772F44A24DAC57300A353C1 /* WDHLeftSildeMenuVC.h */,
				8772F44B24DAC57300A353C1 /* WDHLeftSildeMenuVC.m */,
				8772F44D24DAC64500A353C1 /* WDHMenuVC.h */,
				8772F44E24DAC64500A353C1 /* WDHMenuVC.m */,
			);
			name = PublicSection;
			sourceTree = "<group>";
		};
		87C431CB24D2CAFD00B16FD1 /* Contact */ = {
			isa = PBXGroup;
			children = (
				87C431CF24D2EB5500B16FD1 /* WDHSegmentView */,
				87C431CC24D2CB6700B16FD1 /* WDHContactVC.h */,
				87C431CD24D2CB6700B16FD1 /* WDHContactVC.m */,
				87C431D824D4032A00B16FD1 /* WDHPartnerTableVC.h */,
				87C431D924D4032A00B16FD1 /* WDHPartnerTableVC.m */,
				87C431DB24D423C200B16FD1 /* WDHGroupingTableVC.h */,
				87C431DC24D423C200B16FD1 /* WDHGroupingTableVC.m */,
				87C431DF24D4276A00B16FD1 /* WDHExpendCell.h */,
				87C431E024D4276A00B16FD1 /* WDHExpendCell.m */,
				8772F42C24D7ED0B00A353C1 /* WDHGroupChatTableVC.h */,
				8772F42D24D7ED0B00A353C1 /* WDHGroupChatTableVC.m */,
				8772F42F24D7EF2C00A353C1 /* WDHDeviceTableVC.h */,
				8772F43024D7EF2C00A353C1 /* WDHDeviceTableVC.m */,
				8772F43224D7F27900A353C1 /* WDHAddressBookTableVC.h */,
				8772F43324D7F27900A353C1 /* WDHAddressBookTableVC.m */,
				8772F43524D7F67D00A353C1 /* WDHSubscriptionNumberTableVC.h */,
				8772F43624D7F67D00A353C1 /* WDHSubscriptionNumberTableVC.m */,
			);
			name = Contact;
			sourceTree = "<group>";
		};
		87C431CF24D2EB5500B16FD1 /* WDHSegmentView */ = {
			isa = PBXGroup;
			children = (
				8772F42924D7B9A700A353C1 /* WDHSegmentView.h */,
				8772F42A24D7B9A700A353C1 /* WDHSegmentView.m */,
			);
			path = WDHSegmentView;
			sourceTree = "<group>";
		};
		93E3488C2D4E5F3B42F7590D /* Frameworks */ = {
			isa = PBXGroup;
			children = (
				EE304E3CD10D65F9A9512DAD /* libPods-QQ.a */,
			);
			name = Frameworks;
			sourceTree = "<group>";
		};
/* End PBXGroup section */

/* Begin PBXNativeTarget section */
		87441ABF24C95A5F00A595CA /* QQ */ = {
			isa = PBXNativeTarget;
			buildConfigurationList = 87441AEF24C95A6300A595CA /* Build configuration list for PBXNativeTarget "QQ" */;
			buildPhases = (
				D76E6A7E191562FEFC4A27C7 /* [CP] Check Pods Manifest.lock */,
				87441ABC24C95A5F00A595CA /* Sources */,
				87441ABD24C95A5F00A595CA /* Frameworks */,
				87441ABE24C95A5F00A595CA /* Resources */,
			);
			buildRules = (
			);
			dependencies = (
			);
			name = QQ;
			productName = QQ;
			productReference = 87441AC024C95A5F00A595CA /* QQ.app */;
			productType = "com.apple.product-type.application";
		};
		87441ADA24C95A6200A595CA /* QQTests */ = {
			isa = PBXNativeTarget;
			buildConfigurationList = 87441AF224C95A6300A595CA /* Build configuration list for PBXNativeTarget "QQTests" */;
			buildPhases = (
				87441AD724C95A6200A595CA /* Sources */,
				87441AD824C95A6200A595CA /* Frameworks */,
				87441AD924C95A6200A595CA /* Resources */,
			);
			buildRules = (
			);
			dependencies = (
				87441ADD24C95A6200A595CA /* PBXTargetDependency */,
			);
			name = QQTests;
			productName = QQTests;
			productReference = 87441ADB24C95A6200A595CA /* QQTests.xctest */;
			productType = "com.apple.product-type.bundle.unit-test";
		};
		87441AE524C95A6300A595CA /* QQUITests */ = {
			isa = PBXNativeTarget;
			buildConfigurationList = 87441AF524C95A6300A595CA /* Build configuration list for PBXNativeTarget "QQUITests" */;
			buildPhases = (
				87441AE224C95A6300A595CA /* Sources */,
				87441AE324C95A6300A595CA /* Frameworks */,
				87441AE424C95A6300A595CA /* Resources */,
			);
			buildRules = (
			);
			dependencies = (
				87441AE824C95A6300A595CA /* PBXTargetDependency */,
			);
			name = QQUITests;
			productName = QQUITests;
			productReference = 87441AE624C95A6300A595CA /* QQUITests.xctest */;
			productType = "com.apple.product-type.bundle.ui-testing";
		};
/* End PBXNativeTarget section */

/* Begin PBXProject section */
		87441AB824C95A5F00A595CA /* Project object */ = {
			isa = PBXProject;
			attributes = {
				CLASSPREFIX = WDH;
				LastUpgradeCheck = 1150;
				ORGANIZATIONNAME = "魏敦豪";
				TargetAttributes = {
					87441ABF24C95A5F00A595CA = {
						CreatedOnToolsVersion = 11.5;
					};
					87441ADA24C95A6200A595CA = {
						CreatedOnToolsVersion = 11.5;
						TestTargetID = 87441ABF24C95A5F00A595CA;
					};
					87441AE524C95A6300A595CA = {
						CreatedOnToolsVersion = 11.5;
						TestTargetID = 87441ABF24C95A5F00A595CA;
					};
				};
			};
			buildConfigurationList = 87441ABB24C95A5F00A595CA /* Build configuration list for PBXProject "QQ" */;
			compatibilityVersion = "Xcode 9.3";
			developmentRegion = en;
			hasScannedForEncodings = 0;
			knownRegions = (
				en,
				Base,
			);
			mainGroup = 87441AB724C95A5F00A595CA;
			productRefGroup = 87441AC124C95A5F00A595CA /* Products */;
			projectDirPath = "";
			projectRoot = "";
			targets = (
				87441ABF24C95A5F00A595CA /* QQ */,
				87441ADA24C95A6200A595CA /* QQTests */,
				87441AE524C95A6300A595CA /* QQUITests */,
			);
		};
/* End PBXProject section */

/* Begin PBXResourcesBuildPhase section */
		87441ABE24C95A5F00A595CA /* Resources */ = {
			isa = PBXResourcesBuildPhase;
			buildActionMask = 2147483647;
			files = (
				87441AD324C95A6200A595CA /* LaunchScreen.storyboard in Resources */,
				87441AD024C95A6200A595CA /* Assets.xcassets in Resources */,
				87441ACE24C95A5F00A595CA /* Main.storyboard in Resources */,
			);
			runOnlyForDeploymentPostprocessing = 0;
		};
		87441AD924C95A6200A595CA /* Resources */ = {
			isa = PBXResourcesBuildPhase;
			buildActionMask = 2147483647;
			files = (
			);
			runOnlyForDeploymentPostprocessing = 0;
		};
		87441AE424C95A6300A595CA /* Resources */ = {
			isa = PBXResourcesBuildPhase;
			buildActionMask = 2147483647;
			files = (
			);
			runOnlyForDeploymentPostprocessing = 0;
		};
/* End PBXResourcesBuildPhase section */

/* Begin PBXShellScriptBuildPhase section */
		D76E6A7E191562FEFC4A27C7 /* [CP] Check Pods Manifest.lock */ = {
			isa = PBXShellScriptBuildPhase;
			buildActionMask = 2147483647;
			files = (
			);
			inputFileListPaths = (
			);
			inputPaths = (
				"${PODS_PODFILE_DIR_PATH}/Podfile.lock",
				"${PODS_ROOT}/Manifest.lock",
			);
			name = "[CP] Check Pods Manifest.lock";
			outputFileListPaths = (
			);
			outputPaths = (
				"$(DERIVED_FILE_DIR)/Pods-QQ-checkManifestLockResult.txt",
			);
			runOnlyForDeploymentPostprocessing = 0;
			shellPath = /bin/sh;
			shellScript = "diff \"${PODS_PODFILE_DIR_PATH}/Podfile.lock\" \"${PODS_ROOT}/Manifest.lock\" > /dev/null\nif [ $? != 0 ] ; then\n    # print error to STDERR\n    echo \"error: The sandbox is not in sync with the Podfile.lock. Run 'pod install' or update your CocoaPods installation.\" >&2\n    exit 1\nfi\n# This output is used by Xcode 'outputs' to avoid re-running this script phase.\necho \"SUCCESS\" > \"${SCRIPT_OUTPUT_FILE_0}\"\n";
			showEnvVarsInLog = 0;
		};
/* End PBXShellScriptBuildPhase section */

/* Begin PBXSourcesBuildPhase section */
		87441ABC24C95A5F00A595CA /* Sources */ = {
			isa = PBXSourcesBuildPhase;
			buildActionMask = 2147483647;
			files = (
				87C431CE24D2CB6700B16FD1 /* WDHContactVC.m in Sources */,
				87028FC024CAC5F200EA5BF9 /* WDHMyNavigationBar.m in Sources */,
				8772F43C24D803AB00A353C1 /* WDHDynamicVC.m in Sources */,
				87028FAC24C9697F00EA5BF9 /* WDHNavigationBarView.m in Sources */,
				8772F44C24DAC57300A353C1 /* WDHLeftSildeMenuVC.m in Sources */,
				8772F43F24D81B1900A353C1 /* WDHDynamicCollectionViewCell.m in Sources */,
				8772F43124D7EF2C00A353C1 /* WDHDeviceTableVC.m in Sources */,
				87028FB324C9A29100EA5BF9 /* WDHChatTableViewCell.m in Sources */,
				8772F44924D9383300A353C1 /* WDHInputTextView.m in Sources */,
				87028FB924CAB1C400EA5BF9 /* WDHMyselfTextField.m in Sources */,
				8772F42B24D7B9A700A353C1 /* WDHSegmentView.m in Sources */,
				87441AC524C95A5F00A595CA /* AppDelegate.m in Sources */,
				87441AD624C95A6200A595CA /* main.m in Sources */,
				8772F44F24DAC64500A353C1 /* WDHMenuVC.m in Sources */,
				8772F44624D90AE000A353C1 /* UIImage+WDHGetMyselfImage_h.m in Sources */,
				87028FBC24CAC38B00EA5BF9 /* WDHChatroomVC.m in Sources */,
				8772F42E24D7ED0B00A353C1 /* WDHGroupChatTableVC.m in Sources */,
				87C431E124D4276A00B16FD1 /* WDHExpendCell.m in Sources */,
				87C431CA24D2B91700B16FD1 /* WDHInputView.m in Sources */,
				8772F43724D7F67D00A353C1 /* WDHSubscriptionNumberTableVC.m in Sources */,
				87441AFA24C9636900A595CA /* WDHNewsVC.m in Sources */,
				87441AC824C95A5F00A595CA /* SceneDelegate.m in Sources */,
				8772F43424D7F27900A353C1 /* WDHAddressBookTableVC.m in Sources */,
				87C431DD24D423C200B16FD1 /* WDHGroupingTableVC.m in Sources */,
				87028FB624CAAD1600EA5BF9 /* WDHTableHeaderView.m in Sources */,
				87C431DA24D4032A00B16FD1 /* WDHPartnerTableVC.m in Sources */,
				87028FAF24C9845C00EA5BF9 /* WDHAddContactsVIew.m in Sources */,
			);
			runOnlyForDeploymentPostprocessing = 0;
		};
		87441AD724C95A6200A595CA /* Sources */ = {
			isa = PBXSourcesBuildPhase;
			buildActionMask = 2147483647;
			files = (
				87441AE024C95A6200A595CA /* QQTests.m in Sources */,
			);
			runOnlyForDeploymentPostprocessing = 0;
		};
		87441AE224C95A6300A595CA /* Sources */ = {
			isa = PBXSourcesBuildPhase;
			buildActionMask = 2147483647;
			files = (
				87441AEB24C95A6300A595CA /* QQUITests.m in Sources */,
			);
			runOnlyForDeploymentPostprocessing = 0;
		};
/* End PBXSourcesBuildPhase section */

/* Begin PBXTargetDependency section */
		87441ADD24C95A6200A595CA /* PBXTargetDependency */ = {
			isa = PBXTargetDependency;
			target = 87441ABF24C95A5F00A595CA /* QQ */;
			targetProxy = 87441ADC24C95A6200A595CA /* PBXContainerItemProxy */;
		};
		87441AE824C95A6300A595CA /* PBXTargetDependency */ = {
			isa = PBXTargetDependency;
			target = 87441ABF24C95A5F00A595CA /* QQ */;
			targetProxy = 87441AE724C95A6300A595CA /* PBXContainerItemProxy */;
		};
/* End PBXTargetDependency section */

/* Begin PBXVariantGroup section */
		87441ACC24C95A5F00A595CA /* Main.storyboard */ = {
			isa = PBXVariantGroup;
			children = (
				87441ACD24C95A5F00A595CA /* Base */,
			);
			name = Main.storyboard;
			sourceTree = "<group>";
		};
		87441AD124C95A6200A595CA /* LaunchScreen.storyboard */ = {
			isa = PBXVariantGroup;
			children = (
				87441AD224C95A6200A595CA /* Base */,
			);
			name = LaunchScreen.storyboard;
			sourceTree = "<group>";
		};
/* End PBXVariantGroup section */

/* Begin XCBuildConfiguration section */
		87441AED24C95A6300A595CA /* Debug */ = {
			isa = XCBuildConfiguration;
			buildSettings = {
				ALWAYS_SEARCH_USER_PATHS = NO;
				CLANG_ANALYZER_NONNULL = YES;
				CLANG_ANALYZER_NUMBER_OBJECT_CONVERSION = YES_AGGRESSIVE;
				CLANG_CXX_LANGUAGE_STANDARD = "gnu++14";
				CLANG_CXX_LIBRARY = "libc++";
				CLANG_ENABLE_MODULES = YES;
				CLANG_ENABLE_OBJC_ARC = YES;
				CLANG_ENABLE_OBJC_WEAK = YES;
				CLANG_WARN_BLOCK_CAPTURE_AUTORELEASING = YES;
				CLANG_WARN_BOOL_CONVERSION = YES;
				CLANG_WARN_COMMA = YES;
				CLANG_WARN_CONSTANT_CONVERSION = YES;
				CLANG_WARN_DEPRECATED_OBJC_IMPLEMENTATIONS = YES;
				CLANG_WARN_DIRECT_OBJC_ISA_USAGE = YES_ERROR;
				CLANG_WARN_DOCUMENTATION_COMMENTS = YES;
				CLANG_WARN_EMPTY_BODY = YES;
				CLANG_WARN_ENUM_CONVERSION = YES;
				CLANG_WARN_INFINITE_RECURSION = YES;
				CLANG_WARN_INT_CONVERSION = YES;
				CLANG_WARN_NON_LITERAL_NULL_CONVERSION = YES;
				CLANG_WARN_OBJC_IMPLICIT_RETAIN_SELF = YES;
				CLANG_WARN_OBJC_LITERAL_CONVERSION = YES;
				CLANG_WARN_OBJC_ROOT_CLASS = YES_ERROR;
				CLANG_WARN_RANGE_LOOP_ANALYSIS = YES;
				CLANG_WARN_STRICT_PROTOTYPES = YES;
				CLANG_WARN_SUSPICIOUS_MOVE = YES;
				CLANG_WARN_UNGUARDED_AVAILABILITY = YES_AGGRESSIVE;
				CLANG_WARN_UNREACHABLE_CODE = YES;
				CLANG_WARN__DUPLICATE_METHOD_MATCH = YES;
				COPY_PHASE_STRIP = NO;
				DEBUG_INFORMATION_FORMAT = dwarf;
				ENABLE_STRICT_OBJC_MSGSEND = YES;
				ENABLE_TESTABILITY = YES;
				GCC_C_LANGUAGE_STANDARD = gnu11;
				GCC_DYNAMIC_NO_PIC = NO;
				GCC_NO_COMMON_BLOCKS = YES;
				GCC_OPTIMIZATION_LEVEL = 0;
				GCC_PREPROCESSOR_DEFINITIONS = (
					"DEBUG=1",
					"$(inherited)",
				);
				GCC_WARN_64_TO_32_BIT_CONVERSION = YES;
				GCC_WARN_ABOUT_RETURN_TYPE = YES_ERROR;
				GCC_WARN_UNDECLARED_SELECTOR = YES;
				GCC_WARN_UNINITIALIZED_AUTOS = YES_AGGRESSIVE;
				GCC_WARN_UNUSED_FUNCTION = YES;
				GCC_WARN_UNUSED_VARIABLE = YES;
				IPHONEOS_DEPLOYMENT_TARGET = 13.5;
				MTL_ENABLE_DEBUG_INFO = INCLUDE_SOURCE;
				MTL_FAST_MATH = YES;
				ONLY_ACTIVE_ARCH = YES;
				SDKROOT = iphoneos;
			};
			name = Debug;
		};
		87441AEE24C95A6300A595CA /* Release */ = {
			isa = XCBuildConfiguration;
			buildSettings = {
				ALWAYS_SEARCH_USER_PATHS = NO;
				CLANG_ANALYZER_NONNULL = YES;
				CLANG_ANALYZER_NUMBER_OBJECT_CONVERSION = YES_AGGRESSIVE;
				CLANG_CXX_LANGUAGE_STANDARD = "gnu++14";
				CLANG_CXX_LIBRARY = "libc++";
				CLANG_ENABLE_MODULES = YES;
				CLANG_ENABLE_OBJC_ARC = YES;
				CLANG_ENABLE_OBJC_WEAK = YES;
				CLANG_WARN_BLOCK_CAPTURE_AUTORELEASING = YES;
				CLANG_WARN_BOOL_CONVERSION = YES;
				CLANG_WARN_COMMA = YES;
				CLANG_WARN_CONSTANT_CONVERSION = YES;
				CLANG_WARN_DEPRECATED_OBJC_IMPLEMENTATIONS = YES;
				CLANG_WARN_DIRECT_OBJC_ISA_USAGE = YES_ERROR;
				CLANG_WARN_DOCUMENTATION_COMMENTS = YES;
				CLANG_WARN_EMPTY_BODY = YES;
				CLANG_WARN_ENUM_CONVERSION = YES;
				CLANG_WARN_INFINITE_RECURSION = YES;
				CLANG_WARN_INT_CONVERSION = YES;
				CLANG_WARN_NON_LITERAL_NULL_CONVERSION = YES;
				CLANG_WARN_OBJC_IMPLICIT_RETAIN_SELF = YES;
				CLANG_WARN_OBJC_LITERAL_CONVERSION = YES;
				CLANG_WARN_OBJC_ROOT_CLASS = YES_ERROR;
				CLANG_WARN_RANGE_LOOP_ANALYSIS = YES;
				CLANG_WARN_STRICT_PROTOTYPES = YES;
				CLANG_WARN_SUSPICIOUS_MOVE = YES;
				CLANG_WARN_UNGUARDED_AVAILABILITY = YES_AGGRESSIVE;
				CLANG_WARN_UNREACHABLE_CODE = YES;
				CLANG_WARN__DUPLICATE_METHOD_MATCH = YES;
				COPY_PHASE_STRIP = NO;
				DEBUG_INFORMATION_FORMAT = "dwarf-with-dsym";
				ENABLE_NS_ASSERTIONS = NO;
				ENABLE_STRICT_OBJC_MSGSEND = YES;
				GCC_C_LANGUAGE_STANDARD = gnu11;
				GCC_NO_COMMON_BLOCKS = YES;
				GCC_WARN_64_TO_32_BIT_CONVERSION = YES;
				GCC_WARN_ABOUT_RETURN_TYPE = YES_ERROR;
				GCC_WARN_UNDECLARED_SELECTOR = YES;
				GCC_WARN_UNINITIALIZED_AUTOS = YES_AGGRESSIVE;
				GCC_WARN_UNUSED_FUNCTION = YES;
				GCC_WARN_UNUSED_VARIABLE = YES;
				IPHONEOS_DEPLOYMENT_TARGET = 13.5;
				MTL_ENABLE_DEBUG_INFO = NO;
				MTL_FAST_MATH = YES;
				SDKROOT = iphoneos;
				VALIDATE_PRODUCT = YES;
			};
			name = Release;
		};
		87441AF024C95A6300A595CA /* Debug */ = {
			isa = XCBuildConfiguration;
			baseConfigurationReference = BB8CFE7706316769AFA2A9D5 /* Pods-QQ.debug.xcconfig */;
			buildSettings = {
				ASSETCATALOG_COMPILER_APPICON_NAME = AppIcon;
				CODE_SIGN_STYLE = Automatic;
				DEVELOPMENT_TEAM = 9SVXA6C4R6;
				INFOPLIST_FILE = QQ/Info.plist;
				IPHONEOS_DEPLOYMENT_TARGET = 13.6;
				LD_RUNPATH_SEARCH_PATHS = (
					"$(inherited)",
					"@executable_path/Frameworks",
				);
				PRODUCT_BUNDLE_IDENTIFIER = com.exapmle.QQ;
				PRODUCT_NAME = "$(TARGET_NAME)";
				TARGETED_DEVICE_FAMILY = "1,2";
			};
			name = Debug;
		};
		87441AF124C95A6300A595CA /* Release */ = {
			isa = XCBuildConfiguration;
			baseConfigurationReference = F60A7FF25938C9CE765D8690 /* Pods-QQ.release.xcconfig */;
			buildSettings = {
				ASSETCATALOG_COMPILER_APPICON_NAME = AppIcon;
				CODE_SIGN_STYLE = Automatic;
				DEVELOPMENT_TEAM = 9SVXA6C4R6;
				INFOPLIST_FILE = QQ/Info.plist;
				IPHONEOS_DEPLOYMENT_TARGET = 13.6;
				LD_RUNPATH_SEARCH_PATHS = (
					"$(inherited)",
					"@executable_path/Frameworks",
				);
				PRODUCT_BUNDLE_IDENTIFIER = com.exapmle.QQ;
				PRODUCT_NAME = "$(TARGET_NAME)";
				TARGETED_DEVICE_FAMILY = "1,2";
			};
			name = Release;
		};
		87441AF324C95A6300A595CA /* Debug */ = {
			isa = XCBuildConfiguration;
			buildSettings = {
				BUNDLE_LOADER = "$(TEST_HOST)";
				CODE_SIGN_STYLE = Automatic;
				INFOPLIST_FILE = QQTests/Info.plist;
				IPHONEOS_DEPLOYMENT_TARGET = 13.5;
				LD_RUNPATH_SEARCH_PATHS = (
					"$(inherited)",
					"@executable_path/Frameworks",
					"@loader_path/Frameworks",
				);
				PRODUCT_BUNDLE_IDENTIFIER = com.exapmle.QQTests;
				PRODUCT_NAME = "$(TARGET_NAME)";
				TARGETED_DEVICE_FAMILY = "1,2";
				TEST_HOST = "$(BUILT_PRODUCTS_DIR)/QQ.app/QQ";
			};
			name = Debug;
		};
		87441AF424C95A6300A595CA /* Release */ = {
			isa = XCBuildConfiguration;
			buildSettings = {
				BUNDLE_LOADER = "$(TEST_HOST)";
				CODE_SIGN_STYLE = Automatic;
				INFOPLIST_FILE = QQTests/Info.plist;
				IPHONEOS_DEPLOYMENT_TARGET = 13.5;
				LD_RUNPATH_SEARCH_PATHS = (
					"$(inherited)",
					"@executable_path/Frameworks",
					"@loader_path/Frameworks",
				);
				PRODUCT_BUNDLE_IDENTIFIER = com.exapmle.QQTests;
				PRODUCT_NAME = "$(TARGET_NAME)";
				TARGETED_DEVICE_FAMILY = "1,2";
				TEST_HOST = "$(BUILT_PRODUCTS_DIR)/QQ.app/QQ";
			};
			name = Release;
		};
		87441AF624C95A6300A595CA /* Debug */ = {
			isa = XCBuildConfiguration;
			buildSettings = {
				CODE_SIGN_STYLE = Automatic;
				INFOPLIST_FILE = QQUITests/Info.plist;
				LD_RUNPATH_SEARCH_PATHS = (
					"$(inherited)",
					"@executable_path/Frameworks",
					"@loader_path/Frameworks",
				);
				PRODUCT_BUNDLE_IDENTIFIER = com.exapmle.QQUITests;
				PRODUCT_NAME = "$(TARGET_NAME)";
				TARGETED_DEVICE_FAMILY = "1,2";
				TEST_TARGET_NAME = QQ;
			};
			name = Debug;
		};
		87441AF724C95A6300A595CA /* Release */ = {
			isa = XCBuildConfiguration;
			buildSettings = {
				CODE_SIGN_STYLE = Automatic;
				INFOPLIST_FILE = QQUITests/Info.plist;
				LD_RUNPATH_SEARCH_PATHS = (
					"$(inherited)",
					"@executable_path/Frameworks",
					"@loader_path/Frameworks",
				);
				PRODUCT_BUNDLE_IDENTIFIER = com.exapmle.QQUITests;
				PRODUCT_NAME = "$(TARGET_NAME)";
				TARGETED_DEVICE_FAMILY = "1,2";
				TEST_TARGET_NAME = QQ;
			};
			name = Release;
		};
/* End XCBuildConfiguration section */

/* Begin XCConfigurationList section */
		87441ABB24C95A5F00A595CA /* Build configuration list for PBXProject "QQ" */ = {
			isa = XCConfigurationList;
			buildConfigurations = (
				87441AED24C95A6300A595CA /* Debug */,
				87441AEE24C95A6300A595CA /* Release */,
			);
			defaultConfigurationIsVisible = 0;
			defaultConfigurationName = Release;
		};
		87441AEF24C95A6300A595CA /* Build configuration list for PBXNativeTarget "QQ" */ = {
			isa = XCConfigurationList;
			buildConfigurations = (
				87441AF024C95A6300A595CA /* Debug */,
				87441AF124C95A6300A595CA /* Release */,
			);
			defaultConfigurationIsVisible = 0;
			defaultConfigurationName = Release;
		};
		87441AF224C95A6300A595CA /* Build configuration list for PBXNativeTarget "QQTests" */ = {
			isa = XCConfigurationList;
			buildConfigurations = (
				87441AF324C95A6300A595CA /* Debug */,
				87441AF424C95A6300A595CA /* Release */,
			);
			defaultConfigurationIsVisible = 0;
			defaultConfigurationName = Release;
		};
		87441AF524C95A6300A595CA /* Build configuration list for PBXNativeTarget "QQUITests" */ = {
			isa = XCConfigurationList;
			buildConfigurations = (
				87441AF624C95A6300A595CA /* Debug */,
				87441AF724C95A6300A595CA /* Release */,
			);
			defaultConfigurationIsVisible = 0;
			defaultConfigurationName = Release;
		};
/* End XCConfigurationList section */
	};
	rootObject = 87441AB824C95A5F00A595CA /* Project object */;
}
