// !$*UTF8*$!
{
	archiveVersion = 1;
	classes = {
	};
	objectVersion = 50;
	objects = {

/* Begin PBXBuildFile section */
		87441AC524C95A5F00A595CA /* AppDelegate.m in Sources */ = {isa = PBXBuildFile; fileRef = 87441AC424C95A5F00A595CA /* AppDelegate.m */; };
		87441AC824C95A5F00A595CA /* SceneDelegate.m in Sources */ = {isa = PBXBuildFile; fileRef = 87441AC724C95A5F00A595CA /* SceneDelegate.m */; };
		87441ACB24C95A5F00A595CA /* ViewController.m in Sources */ = {isa = PBXBuildFile; fileRef = 87441ACA24C95A5F00A595CA /* ViewController.m */; };
		87441ACE24C95A5F00A595CA /* Main.storyboard in Resources */ = {isa = PBXBuildFile; fileRef = 87441ACC24C95A5F00A595CA /* Main.storyboard */; };
		87441AD024C95A6200A595CA /* Assets.xcassets in Resources */ = {isa = PBXBuildFile; fileRef = 87441ACF24C95A6200A595CA /* Assets.xcassets */; };
		87441AD324C95A6200A595CA /* LaunchScreen.storyboard in Resources */ = {isa = PBXBuildFile; fileRef = 87441AD124C95A6200A595CA /* LaunchScreen.storyboard */; };
		87441AD624C95A6200A595CA /* main.m in Sources */ = {isa = PBXBuildFile; fileRef = 87441AD524C95A6200A595CA /* main.m */; };
		87441AE024C95A6200A595CA /* QQTests.m in Sources */ = {isa = PBXBuildFile; fileRef = 87441ADF24C95A6200A595CA /* QQTests.m */; };
		87441AEB24C95A6300A595CA /* QQUITests.m in Sources */ = {isa = PBXBuildFile; fileRef = 87441AEA24C95A6300A595CA /* QQUITests.m */; };
/* End PBXBuildFile section */

/* Begin PBXContainerItemProxy section */
		87441ADC24C95A6200A595CA /* PBXContainerItemProxy */ = {
			isa = PBXContainerItemProxy;
			containerPortal = 87441AB824C95A5F00A595CA /* Project object */;
			proxyType = 1;
			remoteGlobalIDString = 87441ABF24C95A5F00A595CA;
			remoteInfo = QQ;
		};
		87441AE724C95A6300A595CA /* PBXContainerItemProxy */ = {
			isa = PBXContainerItemProxy;
			containerPortal = 87441AB824C95A5F00A595CA /* Project object */;
			proxyType = 1;
			remoteGlobalIDString = 87441ABF24C95A5F00A595CA;
			remoteInfo = QQ;
		};
/* End PBXContainerItemProxy section */

/* Begin PBXFileReference section */
		87441AC024C95A5F00A595CA /* QQ.app */ = {isa = PBXFileReference; explicitFileType = wrapper.application; includeInIndex = 0; path = QQ.app; sourceTree = BUILT_PRODUCTS_DIR; };
		87441AC324C95A5F00A595CA /* AppDelegate.h */ = {isa = PBXFileReference; lastKnownFileType = sourcecode.c.h; path = AppDelegate.h; sourceTree = "<group>"; };
		87441AC424C95A5F00A595CA /* AppDelegate.m */ = {isa = PBXFileReference; lastKnownFileType = sourcecode.c.objc; path = AppDelegate.m; sourceTree = "<group>"; };
		87441AC624C95A5F00A595CA /* SceneDelegate.h */ = {isa = PBXFileReference; lastKnownFileType = sourcecode.c.h; path = SceneDelegate.h; sourceTree = "<group>"; };
		87441AC724C95A5F00A595CA /* SceneDelegate.m */ = {isa = PBXFileReference; lastKnownFileType = sourcecode.c.objc; path = SceneDelegate.m; sourceTree = "<group>"; };
		87441AC924C95A5F00A595CA /* ViewController.h */ = {isa = PBXFileReference; lastKnownFileType = sourcecode.c.h; path = ViewController.h; sourceTree = "<group>"; };
		87441ACA24C95A5F00A595CA /* ViewController.m */ = {isa = PBXFileReference; lastKnownFileType = sourcecode.c.objc; path = ViewController.m; sourceTree = "<group>"; };
		87441ACD24C95A5F00A595CA /* Base */ = {isa = PBXFileReference; lastKnownFileType = file.storyboard; name = Base; path = Base.lproj/Main.storyboard; sourceTree = "<group>"; };
		87441ACF24C95A6200A595CA /* Assets.xcassets */ = {isa = PBXFileReference; lastKnownFileType = folder.assetcatalog; path = Assets.xcassets; sourceTree = "<group>"; };
		87441AD224C95A6200A595CA /* Base */ = {isa = PBXFileReference; lastKnownFileType = file.storyboard; name = Base; path = Base.lproj/LaunchScreen.storyboard; sourceTree = "<group>"; };
		87441AD424C95A6200A595CA /* Info.plist */ = {isa = PBXFileReference; lastKnownFileType = text.plist.xml; path = Info.plist; sourceTree = "<group>"; };
		87441AD524C95A6200A595CA /* main.m */ = {isa = PBXFileReference; lastKnownFileType = sourcecode.c.objc; path = main.m; sourceTree = "<group>"; };
		87441ADB24C95A6200A595CA /* QQTests.xctest */ = {isa = PBXFileReference; explicitFileType = wrapper.cfbundle; includeInIndex = 0; path = QQTests.xctest; sourceTree = BUILT_PRODUCTS_DIR; };
		87441ADF24C95A6200A595CA /* QQTests.m */ = {isa = PBXFileReference; lastKnownFileType = sourcecode.c.objc; path = QQTests.m; sourceTree = "<group>"; };
		87441AE124C95A6200A595CA /* Info.plist */ = {isa = PBXFileReference; lastKnownFileType = text.plist.xml; path = Info.plist; sourceTree = "<group>"; };
		87441AE624C95A6300A595CA /* QQUITests.xctest */ = {isa = PBXFileReference; explicitFileType = wrapper.cfbundle; includeInIndex = 0; path = QQUITests.xctest; sourceTree = BUILT_PRODUCTS_DIR; };
		87441AEA24C95A6300A595CA /* QQUITests.m */ = {isa = PBXFileReference; lastKnownFileType = sourcecode.c.objc; path = QQUITests.m; sourceTree = "<group>"; };
		87441AEC24C95A6300A595CA /* Info.plist */ = {isa = PBXFileReference; lastKnownFileType = text.plist.xml; path = Info.plist; sourceTree = "<group>"; };
/* End PBXFileReference section */

/* Begin PBXFrameworksBuildPhase section */
		87441ABD24C95A5F00A595CA /* Frameworks */ = {
			isa = PBXFrameworksBuildPhase;
			buildActionMask = 2147483647;
			files = (
			);
			runOnlyForDeploymentPostprocessing = 0;
		};
		87441AD824C95A6200A595CA /* Frameworks */ = {
			isa = PBXFrameworksBuildPhase;
			buildActionMask = 2147483647;
			files = (
			);
			runOnlyForDeploymentPostprocessing = 0;
		};
		87441AE324C95A6300A595CA /* Frameworks */ = {
			isa = PBXFrameworksBuildPhase;
			buildActionMask = 2147483647;
			files = (
			);
			runOnlyForDeploymentPostprocessing = 0;
		};
/* End PBXFrameworksBuildPhase section */

/* Begin PBXGroup section */
		87441AB724C95A5F00A595CA = {
			isa = PBXGroup;
			children = (
				87441AC224C95A5F00A595CA /* QQ */,
				87441ADE24C95A6200A595CA /* QQTests */,
				87441AE924C95A6300A595CA /* QQUITests */,
				87441AC124C95A5F00A595CA /* Products */,
			);
			sourceTree = "<group>";
		};
		87441AC124C95A5F00A595CA /* Products */ = {
			isa = PBXGroup;
			children = (
				87441AC024C95A5F00A595CA /* QQ.app */,
				87441ADB24C95A6200A595CA /* QQTests.xctest */,
				87441AE624C95A6300A595CA /* QQUITests.xctest */,
			);
			name = Products;
			sourceTree = "<group>";
		};
		87441AC224C95A5F00A595CA /* QQ */ = {
			isa = PBXGroup;
			children = (
				87441AC324C95A5F00A595CA /* AppDelegate.h */,
				87441AC424C95A5F00A595CA /* AppDelegate.m */,
				87441AC624C95A5F00A595CA /* SceneDelegate.h */,
				87441AC724C95A5F00A595CA /* SceneDelegate.m */,
				87441AC924C95A5F00A595CA /* ViewController.h */,
				87441ACA24C95A5F00A595CA /* ViewController.m */,
				87441ACC24C95A5F00A595CA /* Main.storyboard */,
				87441ACF24C95A6200A595CA /* Assets.xcassets */,
				87441AD124C95A6200A595CA /* LaunchScreen.storyboard */,
				87441AD424C95A6200A595CA /* Info.plist */,
				87441AD524C95A6200A595CA /* main.m */,
			);
			path = QQ;
			sourceTree = "<group>";
		};
		87441ADE24C95A6200A595CA /* QQTests */ = {
			isa = PBXGroup;
			children = (
				87441ADF24C95A6200A595CA /* QQTests.m */,
				87441AE124C95A6200A595CA /* Info.plist */,
			);
			path = QQTests;
			sourceTree = "<group>";
		};
		87441AE924C95A6300A595CA /* QQUITests */ = {
			isa = PBXGroup;
			children = (
				87441AEA24C95A6300A595CA /* QQUITests.m */,
				87441AEC24C95A6300A595CA /* Info.plist */,
			);
			path = QQUITests;
			sourceTree = "<group>";
		};
/* End PBXGroup section */

/* Begin PBXNativeTarget section */
		87441ABF24C95A5F00A595CA /* QQ */ = {
			isa = PBXNativeTarget;
			buildConfigurationList = 87441AEF24C95A6300A595CA /* Build configuration list for PBXNativeTarget "QQ" */;
			buildPhases = (
				87441ABC24C95A5F00A595CA /* Sources */,
				87441ABD24C95A5F00A595CA /* Frameworks */,
				87441ABE24C95A5F00A595CA /* Resources */,
			);
			buildRules = (
			);
			dependencies = (
			);
			name = QQ;
			productName = QQ;
			productReference = 87441AC024C95A5F00A595CA /* QQ.app */;
			productType = "com.apple.product-type.application";
		};
		87441ADA24C95A6200A595CA /* QQTests */ = {
			isa = PBXNativeTarget;
			buildConfigurationList = 87441AF224C95A6300A595CA /* Build configuration list for PBXNativeTarget "QQTests" */;
			buildPhases = (
				87441AD724C95A6200A595CA /* Sources */,
				87441AD824C95A6200A595CA /* Frameworks */,
				87441AD924C95A6200A595CA /* Resources */,
			);
			buildRules = (
			);
			dependencies = (
				87441ADD24C95A6200A595CA /* PBXTargetDependency */,
			);
			name = QQTests;
			productName = QQTests;
			productReference = 87441ADB24C95A6200A595CA /* QQTests.xctest */;
			productType = "com.apple.product-type.bundle.unit-test";
		};
		87441AE524C95A6300A595CA /* QQUITests */ = {
			isa = PBXNativeTarget;
			buildConfigurationList = 87441AF524C95A6300A595CA /* Build configuration list for PBXNativeTarget "QQUITests" */;
			buildPhases = (
				87441AE224C95A6300A595CA /* Sources */,
				87441AE324C95A6300A595CA /* Frameworks */,
				87441AE424C95A6300A595CA /* Resources */,
			);
			buildRules = (
			);
			dependencies = (
				87441AE824C95A6300A595CA /* PBXTargetDependency */,
			);
			name = QQUITests;
			productName = QQUITests;
			productReference = 87441AE624C95A6300A595CA /* QQUITests.xctest */;
			productType = "com.apple.product-type.bundle.ui-testing";
		};
/* End PBXNativeTarget section */

/* Begin PBXProject section */
		87441AB824C95A5F00A595CA /* Project object */ = {
			isa = PBXProject;
			attributes = {
				LastUpgradeCheck = 1150;
				ORGANIZATIONNAME = "魏敦豪";
				TargetAttributes = {
					87441ABF24C95A5F00A595CA = {
						CreatedOnToolsVersion = 11.5;
					};
					87441ADA24C95A6200A595CA = {
						CreatedOnToolsVersion = 11.5;
						TestTargetID = 87441ABF24C95A5F00A595CA;
					};
					87441AE524C95A6300A595CA = {
						CreatedOnToolsVersion = 11.5;
						TestTargetID = 87441ABF24C95A5F00A595CA;
					};
				};
			};
			buildConfigurationList = 87441ABB24C95A5F00A595CA /* Build configuration list for PBXProject "QQ" */;
			compatibilityVersion = "Xcode 9.3";
			developmentRegion = en;
			hasScannedForEncodings = 0;
			knownRegions = (
				en,
				Base,
			);
			mainGroup = 87441AB724C95A5F00A595CA;
			productRefGroup = 87441AC124C95A5F00A595CA /* Products */;
			projectDirPath = "";
			projectRoot = "";
			targets = (
				87441ABF24C95A5F00A595CA /* QQ */,
				87441ADA24C95A6200A595CA /* QQTests */,
				87441AE524C95A6300A595CA /* QQUITests */,
			);
		};
/* End PBXProject section */

/* Begin PBXResourcesBuildPhase section */
		87441ABE24C95A5F00A595CA /* Resources */ = {
			isa = PBXResourcesBuildPhase;
			buildActionMask = 2147483647;
			files = (
				87441AD324C95A6200A595CA /* LaunchScreen.storyboard in Resources */,
				87441AD024C95A6200A595CA /* Assets.xcassets in Resources */,
				87441ACE24C95A5F00A595CA /* Main.storyboard in Resources */,
			);
			runOnlyForDeploymentPostprocessing = 0;
		};
		87441AD924C95A6200A595CA /* Resources */ = {
			isa = PBXResourcesBuildPhase;
			buildActionMask = 2147483647;
			files = (
			);
			runOnlyForDeploymentPostprocessing = 0;
		};
		87441AE424C95A6300A595CA /* Resources */ = {
			isa = PBXResourcesBuildPhase;
			buildActionMask = 2147483647;
			files = (
			);
			runOnlyForDeploymentPostprocessing = 0;
		};
/* End PBXResourcesBuildPhase section */

/* Begin PBXSourcesBuildPhase section */
		87441ABC24C95A5F00A595CA /* Sources */ = {
			isa = PBXSourcesBuildPhase;
			buildActionMask = 2147483647;
			files = (
				87441ACB24C95A5F00A595CA /* ViewController.m in Sources */,
				87441AC524C95A5F00A595CA /* AppDelegate.m in Sources */,
				87441AD624C95A6200A595CA /* main.m in Sources */,
				87441AC824C95A5F00A595CA /* SceneDelegate.m in Sources */,
			);
			runOnlyForDeploymentPostprocessing = 0;
		};
		87441AD724C95A6200A595CA /* Sources */ = {
			isa = PBXSourcesBuildPhase;
			buildActionMask = 2147483647;
			files = (
				87441AE024C95A6200A595CA /* QQTests.m in Sources */,
			);
			runOnlyForDeploymentPostprocessing = 0;
		};
		87441AE224C95A6300A595CA /* Sources */ = {
			isa = PBXSourcesBuildPhase;
			buildActionMask = 2147483647;
			files = (
				87441AEB24C95A6300A595CA /* QQUITests.m in Sources */,
			);
			runOnlyForDeploymentPostprocessing = 0;
		};
/* End PBXSourcesBuildPhase section */

/* Begin PBXTargetDependency section */
		87441ADD24C95A6200A595CA /* PBXTargetDependency */ = {
			isa = PBXTargetDependency;
			target = 87441ABF24C95A5F00A595CA /* QQ */;
			targetProxy = 87441ADC24C95A6200A595CA /* PBXContainerItemProxy */;
		};
		87441AE824C95A6300A595CA /* PBXTargetDependency */ = {
			isa = PBXTargetDependency;
			target = 87441ABF24C95A5F00A595CA /* QQ */;
			targetProxy = 87441AE724C95A6300A595CA /* PBXContainerItemProxy */;
		};
/* End PBXTargetDependency section */

/* Begin PBXVariantGroup section */
		87441ACC24C95A5F00A595CA /* Main.storyboard */ = {
			isa = PBXVariantGroup;
			children = (
				87441ACD24C95A5F00A595CA /* Base */,
			);
			name = Main.storyboard;
			sourceTree = "<group>";
		};
		87441AD124C95A6200A595CA /* LaunchScreen.storyboard */ = {
			isa = PBXVariantGroup;
			children = (
				87441AD224C95A6200A595CA /* Base */,
			);
			name = LaunchScreen.storyboard;
			sourceTree = "<group>";
		};
/* End PBXVariantGroup section */

/* Begin XCBuildConfiguration section */
		87441AED24C95A6300A595CA /* Debug */ = {
			isa = XCBuildConfiguration;
			buildSettings = {
				ALWAYS_SEARCH_USER_PATHS = NO;
				CLANG_ANALYZER_NONNULL = YES;
				CLANG_ANALYZER_NUMBER_OBJECT_CONVERSION = YES_AGGRESSIVE;
				CLANG_CXX_LANGUAGE_STANDARD = "gnu++14";
				CLANG_CXX_LIBRARY = "libc++";
				CLANG_ENABLE_MODULES = YES;
				CLANG_ENABLE_OBJC_ARC = YES;
				CLANG_ENABLE_OBJC_WEAK = YES;
				CLANG_WARN_BLOCK_CAPTURE_AUTORELEASING = YES;
				CLANG_WARN_BOOL_CONVERSION = YES;
				CLANG_WARN_COMMA = YES;
				CLANG_WARN_CONSTANT_CONVERSION = YES;
				CLANG_WARN_DEPRECATED_OBJC_IMPLEMENTATIONS = YES;
				CLANG_WARN_DIRECT_OBJC_ISA_USAGE = YES_ERROR;
				CLANG_WARN_DOCUMENTATION_COMMENTS = YES;
				CLANG_WARN_EMPTY_BODY = YES;
				CLANG_WARN_ENUM_CONVERSION = YES;
				CLANG_WARN_INFINITE_RECURSION = YES;
				CLANG_WARN_INT_CONVERSION = YES;
				CLANG_WARN_NON_LITERAL_NULL_CONVERSION = YES;
				CLANG_WARN_OBJC_IMPLICIT_RETAIN_SELF = YES;
				CLANG_WARN_OBJC_LITERAL_CONVERSION = YES;
				CLANG_WARN_OBJC_ROOT_CLASS = YES_ERROR;
				CLANG_WARN_RANGE_LOOP_ANALYSIS = YES;
				CLANG_WARN_STRICT_PROTOTYPES = YES;
				CLANG_WARN_SUSPICIOUS_MOVE = YES;
				CLANG_WARN_UNGUARDED_AVAILABILITY = YES_AGGRESSIVE;
				CLANG_WARN_UNREACHABLE_CODE = YES;
				CLANG_WARN__DUPLICATE_METHOD_MATCH = YES;
				COPY_PHASE_STRIP = NO;
				DEBUG_INFORMATION_FORMAT = dwarf;
				ENABLE_STRICT_OBJC_MSGSEND = YES;
				ENABLE_TESTABILITY = YES;
				GCC_C_LANGUAGE_STANDARD = gnu11;
				GCC_DYNAMIC_NO_PIC = NO;
				GCC_NO_COMMON_BLOCKS = YES;
				GCC_OPTIMIZATION_LEVEL = 0;
				GCC_PREPROCESSOR_DEFINITIONS = (
					"DEBUG=1",
					"$(inherited)",
				);
				GCC_WARN_64_TO_32_BIT_CONVERSION = YES;
				GCC_WARN_ABOUT_RETURN_TYPE = YES_ERROR;
				GCC_WARN_UNDECLARED_SELECTOR = YES;
				GCC_WARN_UNINITIALIZED_AUTOS = YES_AGGRESSIVE;
				GCC_WARN_UNUSED_FUNCTION = YES;
				GCC_WARN_UNUSED_VARIABLE = YES;
				IPHONEOS_DEPLOYMENT_TARGET = 13.5;
				MTL_ENABLE_DEBUG_INFO = INCLUDE_SOURCE;
				MTL_FAST_MATH = YES;
				ONLY_ACTIVE_ARCH = YES;
				SDKROOT = iphoneos;
			};
			name = Debug;
		};
		87441AEE24C95A6300A595CA /* Release */ = {
			isa = XCBuildConfiguration;
			buildSettings = {
				ALWAYS_SEARCH_USER_PATHS = NO;
				CLANG_ANALYZER_NONNULL = YES;
				CLANG_ANALYZER_NUMBER_OBJECT_CONVERSION = YES_AGGRESSIVE;
				CLANG_CXX_LANGUAGE_STANDARD = "gnu++14";
				CLANG_CXX_LIBRARY = "libc++";
				CLANG_ENABLE_MODULES = YES;
				CLANG_ENABLE_OBJC_ARC = YES;
				CLANG_ENABLE_OBJC_WEAK = YES;
				CLANG_WARN_BLOCK_CAPTURE_AUTORELEASING = YES;
				CLANG_WARN_BOOL_CONVERSION = YES;
				CLANG_WARN_COMMA = YES;
				CLANG_WARN_CONSTANT_CONVERSION = YES;
				CLANG_WARN_DEPRECATED_OBJC_IMPLEMENTATIONS = YES;
				CLANG_WARN_DIRECT_OBJC_ISA_USAGE = YES_ERROR;
				CLANG_WARN_DOCUMENTATION_COMMENTS = YES;
				CLANG_WARN_EMPTY_BODY = YES;
				CLANG_WARN_ENUM_CONVERSION = YES;
				CLANG_WARN_INFINITE_RECURSION = YES;
				CLANG_WARN_INT_CONVERSION = YES;
				CLANG_WARN_NON_LITERAL_NULL_CONVERSION = YES;
				CLANG_WARN_OBJC_IMPLICIT_RETAIN_SELF = YES;
				CLANG_WARN_OBJC_LITERAL_CONVERSION = YES;
				CLANG_WARN_OBJC_ROOT_CLASS = YES_ERROR;
				CLANG_WARN_RANGE_LOOP_ANALYSIS = YES;
				CLANG_WARN_STRICT_PROTOTYPES = YES;
				CLANG_WARN_SUSPICIOUS_MOVE = YES;
				CLANG_WARN_UNGUARDED_AVAILABILITY = YES_AGGRESSIVE;
				CLANG_WARN_UNREACHABLE_CODE = YES;
				CLANG_WARN__DUPLICATE_METHOD_MATCH = YES;
				COPY_PHASE_STRIP = NO;
				DEBUG_INFORMATION_FORMAT = "dwarf-with-dsym";
				ENABLE_NS_ASSERTIONS = NO;
				ENABLE_STRICT_OBJC_MSGSEND = YES;
				GCC_C_LANGUAGE_STANDARD = gnu11;
				GCC_NO_COMMON_BLOCKS = YES;
				GCC_WARN_64_TO_32_BIT_CONVERSION = YES;
				GCC_WARN_ABOUT_RETURN_TYPE = YES_ERROR;
				GCC_WARN_UNDECLARED_SELECTOR = YES;
				GCC_WARN_UNINITIALIZED_AUTOS = YES_AGGRESSIVE;
				GCC_WARN_UNUSED_FUNCTION = YES;
				GCC_WARN_UNUSED_VARIABLE = YES;
				IPHONEOS_DEPLOYMENT_TARGET = 13.5;
				MTL_ENABLE_DEBUG_INFO = NO;
				MTL_FAST_MATH = YES;
				SDKROOT = iphoneos;
				VALIDATE_PRODUCT = YES;
			};
			name = Release;
		};
		87441AF024C95A6300A595CA /* Debug */ = {
			isa = XCBuildConfiguration;
			buildSettings = {
				ASSETCATALOG_COMPILER_APPICON_NAME = AppIcon;
				CODE_SIGN_STYLE = Automatic;
				INFOPLIST_FILE = QQ/Info.plist;
				LD_RUNPATH_SEARCH_PATHS = (
					"$(inherited)",
					"@executable_path/Frameworks",
				);
				PRODUCT_BUNDLE_IDENTIFIER = com.exapmle.QQ;
				PRODUCT_NAME = "$(TARGET_NAME)";
				TARGETED_DEVICE_FAMILY = "1,2";
			};
			name = Debug;
		};
		87441AF124C95A6300A595CA /* Release */ = {
			isa = XCBuildConfiguration;
			buildSettings = {
				ASSETCATALOG_COMPILER_APPICON_NAME = AppIcon;
				CODE_SIGN_STYLE = Automatic;
				INFOPLIST_FILE = QQ/Info.plist;
				LD_RUNPATH_SEARCH_PATHS = (
					"$(inherited)",
					"@executable_path/Frameworks",
				);
				PRODUCT_BUNDLE_IDENTIFIER = com.exapmle.QQ;
				PRODUCT_NAME = "$(TARGET_NAME)";
				TARGETED_DEVICE_FAMILY = "1,2";
			};
			name = Release;
		};
		87441AF324C95A6300A595CA /* Debug */ = {
			isa = XCBuildConfiguration;
			buildSettings = {
				BUNDLE_LOADER = "$(TEST_HOST)";
				CODE_SIGN_STYLE = Automatic;
				INFOPLIST_FILE = QQTests/Info.plist;
				IPHONEOS_DEPLOYMENT_TARGET = 13.5;
				LD_RUNPATH_SEARCH_PATHS = (
					"$(inherited)",
					"@executable_path/Frameworks",
					"@loader_path/Frameworks",
				);
				PRODUCT_BUNDLE_IDENTIFIER = com.exapmle.QQTests;
				PRODUCT_NAME = "$(TARGET_NAME)";
				TARGETED_DEVICE_FAMILY = "1,2";
				TEST_HOST = "$(BUILT_PRODUCTS_DIR)/QQ.app/QQ";
			};
			name = Debug;
		};
		87441AF424C95A6300A595CA /* Release */ = {
			isa = XCBuildConfiguration;
			buildSettings = {
				BUNDLE_LOADER = "$(TEST_HOST)";
				CODE_SIGN_STYLE = Automatic;
				INFOPLIST_FILE = QQTests/Info.plist;
				IPHONEOS_DEPLOYMENT_TARGET = 13.5;
				LD_RUNPATH_SEARCH_PATHS = (
					"$(inherited)",
					"@executable_path/Frameworks",
					"@loader_path/Frameworks",
				);
				PRODUCT_BUNDLE_IDENTIFIER = com.exapmle.QQTests;
				PRODUCT_NAME = "$(TARGET_NAME)";
				TARGETED_DEVICE_FAMILY = "1,2";
				TEST_HOST = "$(BUILT_PRODUCTS_DIR)/QQ.app/QQ";
			};
			name = Release;
		};
		87441AF624C95A6300A595CA /* Debug */ = {
			isa = XCBuildConfiguration;
			buildSettings = {
				CODE_SIGN_STYLE = Automatic;
				INFOPLIST_FILE = QQUITests/Info.plist;
				LD_RUNPATH_SEARCH_PATHS = (
					"$(inherited)",
					"@executable_path/Frameworks",
					"@loader_path/Frameworks",
				);
				PRODUCT_BUNDLE_IDENTIFIER = com.exapmle.QQUITests;
				PRODUCT_NAME = "$(TARGET_NAME)";
				TARGETED_DEVICE_FAMILY = "1,2";
				TEST_TARGET_NAME = QQ;
			};
			name = Debug;
		};
		87441AF724C95A6300A595CA /* Release */ = {
			isa = XCBuildConfiguration;
			buildSettings = {
				CODE_SIGN_STYLE = Automatic;
				INFOPLIST_FILE = QQUITests/Info.plist;
				LD_RUNPATH_SEARCH_PATHS = (
					"$(inherited)",
					"@executable_path/Frameworks",
					"@loader_path/Frameworks",
				);
				PRODUCT_BUNDLE_IDENTIFIER = com.exapmle.QQUITests;
				PRODUCT_NAME = "$(TARGET_NAME)";
				TARGETED_DEVICE_FAMILY = "1,2";
				TEST_TARGET_NAME = QQ;
			};
			name = Release;
		};
/* End XCBuildConfiguration section */

/* Begin XCConfigurationList section */
		87441ABB24C95A5F00A595CA /* Build configuration list for PBXProject "QQ" */ = {
			isa = XCConfigurationList;
			buildConfigurations = (
				87441AED24C95A6300A595CA /* Debug */,
				87441AEE24C95A6300A595CA /* Release */,
			);
			defaultConfigurationIsVisible = 0;
			defaultConfigurationName = Release;
		};
		87441AEF24C95A6300A595CA /* Build configuration list for PBXNativeTarget "QQ" */ = {
			isa = XCConfigurationList;
			buildConfigurations = (
				87441AF024C95A6300A595CA /* Debug */,
				87441AF124C95A6300A595CA /* Release */,
			);
			defaultConfigurationIsVisible = 0;
			defaultConfigurationName = Release;
		};
		87441AF224C95A6300A595CA /* Build configuration list for PBXNativeTarget "QQTests" */ = {
			isa = XCConfigurationList;
			buildConfigurations = (
				87441AF324C95A6300A595CA /* Debug */,
				87441AF424C95A6300A595CA /* Release */,
			);
			defaultConfigurationIsVisible = 0;
			defaultConfigurationName = Release;
		};
		87441AF524C95A6300A595CA /* Build configuration list for PBXNativeTarget "QQUITests" */ = {
			isa = XCConfigurationList;
			buildConfigurations = (
				87441AF624C95A6300A595CA /* Debug */,
				87441AF724C95A6300A595CA /* Release */,
			);
			defaultConfigurationIsVisible = 0;
			defaultConfigurationName = Release;
		};
/* End XCConfigurationList section */
	};
	rootObject = 87441AB824C95A5F00A595CA /* Project object */;
}
